
Microsoft Visual Studio Solution File, Format Version 12.00
# Visual Studio Version 16
VisualStudioVersion = 16.0.31402.337
MinimumVisualStudioVersion = 10.0.40219.1
Project("{FAE04EC0-301F-11D3-BF4B-00C04F79EFBC}") = "ApiCatalogoJogos", "ApiCatalogoJogos\ApiCatalogoJogos.csproj", "{710C4F93-84DA-4AED-9804-53785AA56C01}"
EndProject
Global
	GlobalSection(SolutionConfigurationPlatforms) = preSolution
		Debug|Any CPU = Debug|Any CPU
		Release|Any CPU = Release|Any CPU
	EndGlobalSection
	GlobalSection(ProjectConfigurationPlatforms) = postSolution
		{710C4F93-84DA-4AED-9804-53785AA56C01}.Debug|Any CPU.ActiveCfg = Debug|Any CPU
		{710C4F93-84DA-4AED-9804-53785AA56C01}.Debug|Any CPU.Build.0 = Debug|Any CPU
		{710C4F93-84DA-4AED-9804-53785AA56C01}.Release|Any CPU.ActiveCfg = Release|Any CPU
		{710C4F93-84DA-4AED-9804-53785AA56C01}.Release|Any CPU.Build.0 = Release|Any CPU
	EndGlobalSection
	GlobalSection(SolutionProperties) = preSolution
		HideSolutionNode = FALSE
	EndGlobalSection
	GlobalSection(ExtensibilityGlobals) = postSolution
		SolutionGuid = {9E0E90F8-2CD9-4A0B-84DF-37DE98269211}
	EndGlobalSection
EndGlobal
